// !$*UTF8*$!
{
	archiveVersion = 1;
	classes = {
	};
	objectVersion = 55;
	objects = {

/* Begin PBXBuildFile section */
		D806A961287D6DB600835CB6 /* OnboardingViewController.swift in Sources */ = {isa = PBXBuildFile; fileRef = D806A960287D6DB600835CB6 /* OnboardingViewController.swift */; };
		D8D3D7E6285328140092CBF4 /* AppDelegate.swift in Sources */ = {isa = PBXBuildFile; fileRef = D8D3D7E5285328140092CBF4 /* AppDelegate.swift */; };
		D8D3D7EA285328140092CBF4 /* LoginViewController.swift in Sources */ = {isa = PBXBuildFile; fileRef = D8D3D7E9285328140092CBF4 /* LoginViewController.swift */; };
		D8D3D7EF285328160092CBF4 /* Assets.xcassets in Resources */ = {isa = PBXBuildFile; fileRef = D8D3D7EE285328160092CBF4 /* Assets.xcassets */; };
		D8D3D7F2285328160092CBF4 /* LaunchScreen.storyboard in Resources */ = {isa = PBXBuildFile; fileRef = D8D3D7F0285328160092CBF4 /* LaunchScreen.storyboard */; };
		D8D3D7FC28533A8D0092CBF4 /* LoginView.swift in Sources */ = {isa = PBXBuildFile; fileRef = D8D3D7FB28533A8D0092CBF4 /* LoginView.swift */; };
		D8D3D7FF285746D80092CBF4 /* OnboardingContainerViewController.swift in Sources */ = {isa = PBXBuildFile; fileRef = D8D3D7FE285746D80092CBF4 /* OnboardingContainerViewController.swift */; };
/* End PBXBuildFile section */

/* Begin PBXFileReference section */
		D806A960287D6DB600835CB6 /* OnboardingViewController.swift */ = {isa = PBXFileReference; lastKnownFileType = sourcecode.swift; path = OnboardingViewController.swift; sourceTree = "<group>"; };
		D8D3D7E2285328140092CBF4 /* BankeyDemo.app */ = {isa = PBXFileReference; explicitFileType = wrapper.application; includeInIndex = 0; path = BankeyDemo.app; sourceTree = BUILT_PRODUCTS_DIR; };
		D8D3D7E5285328140092CBF4 /* AppDelegate.swift */ = {isa = PBXFileReference; lastKnownFileType = sourcecode.swift; path = AppDelegate.swift; sourceTree = "<group>"; };
		D8D3D7E9285328140092CBF4 /* LoginViewController.swift */ = {isa = PBXFileReference; lastKnownFileType = sourcecode.swift; path = LoginViewController.swift; sourceTree = "<group>"; };
		D8D3D7EE285328160092CBF4 /* Assets.xcassets */ = {isa = PBXFileReference; lastKnownFileType = folder.assetcatalog; path = Assets.xcassets; sourceTree = "<group>"; };
		D8D3D7F1285328160092CBF4 /* Base */ = {isa = PBXFileReference; lastKnownFileType = file.storyboard; name = Base; path = Base.lproj/LaunchScreen.storyboard; sourceTree = "<group>"; };
		D8D3D7F3285328160092CBF4 /* Info.plist */ = {isa = PBXFileReference; lastKnownFileType = text.plist.xml; path = Info.plist; sourceTree = "<group>"; };
		D8D3D7FB28533A8D0092CBF4 /* LoginView.swift */ = {isa = PBXFileReference; lastKnownFileType = sourcecode.swift; path = LoginView.swift; sourceTree = "<group>"; };
		D8D3D7FE285746D80092CBF4 /* OnboardingContainerViewController.swift */ = {isa = PBXFileReference; lastKnownFileType = sourcecode.swift; path = OnboardingContainerViewController.swift; sourceTree = "<group>"; };
/* End PBXFileReference section */

/* Begin PBXFrameworksBuildPhase section */
		D8D3D7DF285328140092CBF4 /* Frameworks */ = {
			isa = PBXFrameworksBuildPhase;
			buildActionMask = 2147483647;
			files = (
			);
			runOnlyForDeploymentPostprocessing = 0;
		};
/* End PBXFrameworksBuildPhase section */

/* Begin PBXGroup section */
		D8D3D7D9285328140092CBF4 = {
			isa = PBXGroup;
			children = (
				D8D3D7E4285328140092CBF4 /* BankeyDemo */,
				D8D3D7E3285328140092CBF4 /* Products */,
			);
			sourceTree = "<group>";
		};
		D8D3D7E3285328140092CBF4 /* Products */ = {
			isa = PBXGroup;
			children = (
				D8D3D7E2285328140092CBF4 /* BankeyDemo.app */,
			);
			name = Products;
			sourceTree = "<group>";
		};
		D8D3D7E4285328140092CBF4 /* BankeyDemo */ = {
			isa = PBXGroup;
			children = (
				D8D3D7F928533A210092CBF4 /* Files */,
				D8D3D7FD2857469E0092CBF4 /* Onboarding */,
				D8D3D7FA28533A630092CBF4 /* Login */,
				D8D3D7E5285328140092CBF4 /* AppDelegate.swift */,
			);
			path = BankeyDemo;
			sourceTree = "<group>";
		};
		D8D3D7F928533A210092CBF4 /* Files */ = {
			isa = PBXGroup;
			children = (
				D8D3D7EE285328160092CBF4 /* Assets.xcassets */,
				D8D3D7F3285328160092CBF4 /* Info.plist */,
				D8D3D7F0285328160092CBF4 /* LaunchScreen.storyboard */,
			);
			name = Files;
			sourceTree = "<group>";
		};
		D8D3D7FA28533A630092CBF4 /* Login */ = {
			isa = PBXGroup;
			children = (
				D8D3D7E9285328140092CBF4 /* LoginViewController.swift */,
				D8D3D7FB28533A8D0092CBF4 /* LoginView.swift */,
			);
			name = Login;
			sourceTree = "<group>";
		};
		D8D3D7FD2857469E0092CBF4 /* Onboarding */ = {
			isa = PBXGroup;
			children = (
				D8D3D7FE285746D80092CBF4 /* OnboardingContainerViewController.swift */,
				D806A960287D6DB600835CB6 /* OnboardingViewController.swift */,
			);
			name = Onboarding;
			sourceTree = "<group>";
		};
/* End PBXGroup section */

/* Begin PBXNativeTarget section */
		D8D3D7E1285328140092CBF4 /* BankeyDemo */ = {
			isa = PBXNativeTarget;
			buildConfigurationList = D8D3D7F6285328160092CBF4 /* Build configuration list for PBXNativeTarget "BankeyDemo" */;
			buildPhases = (
				D8D3D7DE285328140092CBF4 /* Sources */,
				D8D3D7DF285328140092CBF4 /* Frameworks */,
				D8D3D7E0285328140092CBF4 /* Resources */,
			);
			buildRules = (
			);
			dependencies = (
			);
			name = BankeyDemo;
			productName = BankeyDemo;
			productReference = D8D3D7E2285328140092CBF4 /* BankeyDemo.app */;
			productType = "com.apple.product-type.application";
		};
/* End PBXNativeTarget section */

/* Begin PBXProject section */
		D8D3D7DA285328140092CBF4 /* Project object */ = {
			isa = PBXProject;
			attributes = {
				BuildIndependentTargetsInParallel = 1;
				LastSwiftUpdateCheck = 1340;
				LastUpgradeCheck = 1340;
				TargetAttributes = {
					D8D3D7E1285328140092CBF4 = {
						CreatedOnToolsVersion = 13.4.1;
					};
				};
			};
			buildConfigurationList = D8D3D7DD285328140092CBF4 /* Build configuration list for PBXProject "BankeyDemo" */;
			compatibilityVersion = "Xcode 13.0";
			developmentRegion = en;
			hasScannedForEncodings = 0;
			knownRegions = (
				en,
				Base,
			);
			mainGroup = D8D3D7D9285328140092CBF4;
			productRefGroup = D8D3D7E3285328140092CBF4 /* Products */;
			projectDirPath = "";
			projectRoot = "";
			targets = (
				D8D3D7E1285328140092CBF4 /* BankeyDemo */,
			);
		};
/* End PBXProject section */

/* Begin PBXResourcesBuildPhase section */
		D8D3D7E0285328140092CBF4 /* Resources */ = {
			isa = PBXResourcesBuildPhase;
			buildActionMask = 2147483647;
			files = (
				D8D3D7F2285328160092CBF4 /* LaunchScreen.storyboard in Resources */,
				D8D3D7EF285328160092CBF4 /* Assets.xcassets in Resources */,
			);
			runOnlyForDeploymentPostprocessing = 0;
		};
/* End PBXResourcesBuildPhase section */

/* Begin PBXSourcesBuildPhase section */
		D8D3D7DE285328140092CBF4 /* Sources */ = {
			isa = PBXSourcesBuildPhase;
			buildActionMask = 2147483647;
			files = (
				D8D3D7FC28533A8D0092CBF4 /* LoginView.swift in Sources */,
				D8D3D7EA285328140092CBF4 /* LoginViewController.swift in Sources */,
				D806A961287D6DB600835CB6 /* OnboardingViewController.swift in Sources */,
				D8D3D7E6285328140092CBF4 /* AppDelegate.swift in Sources */,
				D8D3D7FF285746D80092CBF4 /* OnboardingContainerViewController.swift in Sources */,
			);
			runOnlyForDeploymentPostprocessing = 0;
		};
/* End PBXSourcesBuildPhase section */

/* Begin PBXVariantGroup section */
		D8D3D7F0285328160092CBF4 /* LaunchScreen.storyboard */ = {
			isa = PBXVariantGroup;
			children = (
				D8D3D7F1285328160092CBF4 /* Base */,
			);
			name = LaunchScreen.storyboard;
			sourceTree = "<group>";
		};
/* End PBXVariantGroup section */

/* Begin XCBuildConfiguration section */
		D8D3D7F4285328160092CBF4 /* Debug */ = {
			isa = XCBuildConfiguration;
			buildSettings = {
				ALWAYS_SEARCH_USER_PATHS = NO;
				CLANG_ANALYZER_NONNULL = YES;
				CLANG_ANALYZER_NUMBER_OBJECT_CONVERSION = YES_AGGRESSIVE;
				CLANG_CXX_LANGUAGE_STANDARD = "gnu++17";
				CLANG_ENABLE_MODULES = YES;
				CLANG_ENABLE_OBJC_ARC = YES;
				CLANG_ENABLE_OBJC_WEAK = YES;
				CLANG_WARN_BLOCK_CAPTURE_AUTORELEASING = YES;
				CLANG_WARN_BOOL_CONVERSION = YES;
				CLANG_WARN_COMMA = YES;
				CLANG_WARN_CONSTANT_CONVERSION = YES;
				CLANG_WARN_DEPRECATED_OBJC_IMPLEMENTATIONS = YES;
				CLANG_WARN_DIRECT_OBJC_ISA_USAGE = YES_ERROR;
				CLANG_WARN_DOCUMENTATION_COMMENTS = YES;
				CLANG_WARN_EMPTY_BODY = YES;
				CLANG_WARN_ENUM_CONVERSION = YES;
				CLANG_WARN_INFINITE_RECURSION = YES;
				CLANG_WARN_INT_CONVERSION = YES;
				CLANG_WARN_NON_LITERAL_NULL_CONVERSION = YES;
				CLANG_WARN_OBJC_IMPLICIT_RETAIN_SELF = YES;
				CLANG_WARN_OBJC_LITERAL_CONVERSION = YES;
				CLANG_WARN_OBJC_ROOT_CLASS = YES_ERROR;
				CLANG_WARN_QUOTED_INCLUDE_IN_FRAMEWORK_HEADER = YES;
				CLANG_WARN_RANGE_LOOP_ANALYSIS = YES;
				CLANG_WARN_STRICT_PROTOTYPES = YES;
				CLANG_WARN_SUSPICIOUS_MOVE = YES;
				CLANG_WARN_UNGUARDED_AVAILABILITY = YES_AGGRESSIVE;
				CLANG_WARN_UNREACHABLE_CODE = YES;
				CLANG_WARN__DUPLICATE_METHOD_MATCH = YES;
				COPY_PHASE_STRIP = NO;
				DEBUG_INFORMATION_FORMAT = dwarf;
				ENABLE_STRICT_OBJC_MSGSEND = YES;
				ENABLE_TESTABILITY = YES;
				GCC_C_LANGUAGE_STANDARD = gnu11;
				GCC_DYNAMIC_NO_PIC = NO;
				GCC_NO_COMMON_BLOCKS = YES;
				GCC_OPTIMIZATION_LEVEL = 0;
				GCC_PREPROCESSOR_DEFINITIONS = (
					"DEBUG=1",
					"$(inherited)",
				);
				GCC_WARN_64_TO_32_BIT_CONVERSION = YES;
				GCC_WARN_ABOUT_RETURN_TYPE = YES_ERROR;
				GCC_WARN_UNDECLARED_SELECTOR = YES;
				GCC_WARN_UNINITIALIZED_AUTOS = YES_AGGRESSIVE;
				GCC_WARN_UNUSED_FUNCTION = YES;
				GCC_WARN_UNUSED_VARIABLE = YES;
				IPHONEOS_DEPLOYMENT_TARGET = 15.5;
				MTL_ENABLE_DEBUG_INFO = INCLUDE_SOURCE;
				MTL_FAST_MATH = YES;
				ONLY_ACTIVE_ARCH = YES;
				SDKROOT = iphoneos;
				SWIFT_ACTIVE_COMPILATION_CONDITIONS = DEBUG;
				SWIFT_OPTIMIZATION_LEVEL = "-Onone";
			};
			name = Debug;
		};
		D8D3D7F5285328160092CBF4 /* Release */ = {
			isa = XCBuildConfiguration;
			buildSettings = {
				ALWAYS_SEARCH_USER_PATHS = NO;
				CLANG_ANALYZER_NONNULL = YES;
				CLANG_ANALYZER_NUMBER_OBJECT_CONVERSION = YES_AGGRESSIVE;
				CLANG_CXX_LANGUAGE_STANDARD = "gnu++17";
				CLANG_ENABLE_MODULES = YES;
				CLANG_ENABLE_OBJC_ARC = YES;
				CLANG_ENABLE_OBJC_WEAK = YES;
				CLANG_WARN_BLOCK_CAPTURE_AUTORELEASING = YES;
				CLANG_WARN_BOOL_CONVERSION = YES;
				CLANG_WARN_COMMA = YES;
				CLANG_WARN_CONSTANT_CONVERSION = YES;
				CLANG_WARN_DEPRECATED_OBJC_IMPLEMENTATIONS = YES;
				CLANG_WARN_DIRECT_OBJC_ISA_USAGE = YES_ERROR;
				CLANG_WARN_DOCUMENTATION_COMMENTS = YES;
				CLANG_WARN_EMPTY_BODY = YES;
				CLANG_WARN_ENUM_CONVERSION = YES;
				CLANG_WARN_INFINITE_RECURSION = YES;
				CLANG_WARN_INT_CONVERSION = YES;
				CLANG_WARN_NON_LITERAL_NULL_CONVERSION = YES;
				CLANG_WARN_OBJC_IMPLICIT_RETAIN_SELF = YES;
				CLANG_WARN_OBJC_LITERAL_CONVERSION = YES;
				CLANG_WARN_OBJC_ROOT_CLASS = YES_ERROR;
				CLANG_WARN_QUOTED_INCLUDE_IN_FRAMEWORK_HEADER = YES;
				CLANG_WARN_RANGE_LOOP_ANALYSIS = YES;
				CLANG_WARN_STRICT_PROTOTYPES = YES;
				CLANG_WARN_SUSPICIOUS_MOVE = YES;
				CLANG_WARN_UNGUARDED_AVAILABILITY = YES_AGGRESSIVE;
				CLANG_WARN_UNREACHABLE_CODE = YES;
				CLANG_WARN__DUPLICATE_METHOD_MATCH = YES;
				COPY_PHASE_STRIP = NO;
				DEBUG_INFORMATION_FORMAT = "dwarf-with-dsym";
				ENABLE_NS_ASSERTIONS = NO;
				ENABLE_STRICT_OBJC_MSGSEND = YES;
				GCC_C_LANGUAGE_STANDARD = gnu11;
				GCC_NO_COMMON_BLOCKS = YES;
				GCC_WARN_64_TO_32_BIT_CONVERSION = YES;
				GCC_WARN_ABOUT_RETURN_TYPE = YES_ERROR;
				GCC_WARN_UNDECLARED_SELECTOR = YES;
				GCC_WARN_UNINITIALIZED_AUTOS = YES_AGGRESSIVE;
				GCC_WARN_UNUSED_FUNCTION = YES;
				GCC_WARN_UNUSED_VARIABLE = YES;
				IPHONEOS_DEPLOYMENT_TARGET = 15.5;
				MTL_ENABLE_DEBUG_INFO = NO;
				MTL_FAST_MATH = YES;
				SDKROOT = iphoneos;
				SWIFT_COMPILATION_MODE = wholemodule;
				SWIFT_OPTIMIZATION_LEVEL = "-O";
				VALIDATE_PRODUCT = YES;
			};
			name = Release;
		};
		D8D3D7F7285328160092CBF4 /* Debug */ = {
			isa = XCBuildConfiguration;
			buildSettings = {
				ASSETCATALOG_COMPILER_APPICON_NAME = AppIcon;
				ASSETCATALOG_COMPILER_GLOBAL_ACCENT_COLOR_NAME = AccentColor;
				CODE_SIGN_STYLE = Automatic;
				CURRENT_PROJECT_VERSION = 1;
				GENERATE_INFOPLIST_FILE = YES;
				INFOPLIST_FILE = BankeyDemo/Info.plist;
				INFOPLIST_KEY_UIApplicationSupportsIndirectInputEvents = YES;
				INFOPLIST_KEY_UILaunchStoryboardName = LaunchScreen;
				INFOPLIST_KEY_UISupportedInterfaceOrientations_iPad = "UIInterfaceOrientationPortrait UIInterfaceOrientationPortraitUpsideDown UIInterfaceOrientationLandscapeLeft UIInterfaceOrientationLandscapeRight";
				INFOPLIST_KEY_UISupportedInterfaceOrientations_iPhone = "UIInterfaceOrientationPortrait UIInterfaceOrientationLandscapeLeft UIInterfaceOrientationLandscapeRight";
				LD_RUNPATH_SEARCH_PATHS = (
					"$(inherited)",
					"@executable_path/Frameworks",
				);
				MARKETING_VERSION = 1.0;
				PRODUCT_BUNDLE_IDENTIFIER = Arken.BankeyDemo;
				PRODUCT_NAME = "$(TARGET_NAME)";
				SWIFT_EMIT_LOC_STRINGS = YES;
				SWIFT_VERSION = 5.0;
				TARGETED_DEVICE_FAMILY = "1,2";
			};
			name = Debug;
		};
		D8D3D7F8285328160092CBF4 /* Release */ = {
			isa = XCBuildConfiguration;
			buildSettings = {
				ASSETCATALOG_COMPILER_APPICON_NAME = AppIcon;
				ASSETCATALOG_COMPILER_GLOBAL_ACCENT_COLOR_NAME = AccentColor;
				CODE_SIGN_STYLE = Automatic;
				CURRENT_PROJECT_VERSION = 1;
				GENERATE_INFOPLIST_FILE = YES;
				INFOPLIST_FILE = BankeyDemo/Info.plist;
				INFOPLIST_KEY_UIApplicationSupportsIndirectInputEvents = YES;
				INFOPLIST_KEY_UILaunchStoryboardName = LaunchScreen;
				INFOPLIST_KEY_UISupportedInterfaceOrientations_iPad = "UIInterfaceOrientationPortrait UIInterfaceOrientationPortraitUpsideDown UIInterfaceOrientationLandscapeLeft UIInterfaceOrientationLandscapeRight";
				INFOPLIST_KEY_UISupportedInterfaceOrientations_iPhone = "UIInterfaceOrientationPortrait UIInterfaceOrientationLandscapeLeft UIInterfaceOrientationLandscapeRight";
				LD_RUNPATH_SEARCH_PATHS = (
					"$(inherited)",
					"@executable_path/Frameworks",
				);
				MARKETING_VERSION = 1.0;
				PRODUCT_BUNDLE_IDENTIFIER = Arken.BankeyDemo;
				PRODUCT_NAME = "$(TARGET_NAME)";
				SWIFT_EMIT_LOC_STRINGS = YES;
				SWIFT_VERSION = 5.0;
				TARGETED_DEVICE_FAMILY = "1,2";
			};
			name = Release;
		};
/* End XCBuildConfiguration section */

/* Begin XCConfigurationList section */
		D8D3D7DD285328140092CBF4 /* Build configuration list for PBXProject "BankeyDemo" */ = {
			isa = XCConfigurationList;
			buildConfigurations = (
				D8D3D7F4285328160092CBF4 /* Debug */,
				D8D3D7F5285328160092CBF4 /* Release */,
			);
			defaultConfigurationIsVisible = 0;
			defaultConfigurationName = Release;
		};
		D8D3D7F6285328160092CBF4 /* Build configuration list for PBXNativeTarget "BankeyDemo" */ = {
			isa = XCConfigurationList;
			buildConfigurations = (
				D8D3D7F7285328160092CBF4 /* Debug */,
				D8D3D7F8285328160092CBF4 /* Release */,
			);
			defaultConfigurationIsVisible = 0;
			defaultConfigurationName = Release;
		};
/* End XCConfigurationList section */
	};
	rootObject = D8D3D7DA285328140092CBF4 /* Project object */;
}
